
Microsoft Visual Studio Solution File, Format Version 12.00
# Visual Studio Version 17
VisualStudioVersion = 17.13.35919.96 d17.13
MinimumVisualStudioVersion = 10.0.40219.1
Project("{FAE04EC0-301F-11D3-BF4B-00C04F79EFBC}") = "MyPortfolio", "MyPortfolio\MyPortfolio.csproj", "{61BD0210-60BA-4EE5-8778-338B9654950C}"
EndProject
Global
	GlobalSection(SolutionConfigurationPlatforms) = preSolution
		Debug|Any CPU = Debug|Any CPU
		Release|Any CPU = Release|Any CPU
	EndGlobalSection
	GlobalSection(ProjectConfigurationPlatforms) = postSolution
		{61BD0210-60BA-4EE5-8778-338B9654950C}.Debug|Any CPU.ActiveCfg = Debug|Any CPU
		{61BD0210-60BA-4EE5-8778-338B9654950C}.Debug|Any CPU.Build.0 = Debug|Any CPU
		{61BD0210-60BA-4EE5-8778-338B9654950C}.Release|Any CPU.ActiveCfg = Release|Any CPU
		{61BD0210-60BA-4EE5-8778-338B9654950C}.Release|Any CPU.Build.0 = Release|Any CPU
	EndGlobalSection
	GlobalSection(SolutionProperties) = preSolution
		HideSolutionNode = FALSE
	EndGlobalSection
	GlobalSection(ExtensibilityGlobals) = postSolution
		SolutionGuid = {FC117327-72F8-4988-B3FA-BB3F838CE2B9}
	EndGlobalSection
EndGlobal
